
Microsoft Visual Studio Solution File, Format Version 12.00
# Visual Studio Version 17
VisualStudioVersion = 17.12.35527.113
MinimumVisualStudioVersion = 10.0.40219.1
Project("{FAE04EC0-301F-11D3-BF4B-00C04F79EFBC}") = "Gemini.NET", "Gemini.NET\Gemini.NET.csproj", "{02C0663E-6E10-48AB-B1D1-973BC58F0CC9}"
EndProject
Project("{FAE04EC0-301F-11D3-BF4B-00C04F79EFBC}") = "Models", "Models\Models.csproj", "{DFFFB8C2-414E-4FAD-B3B7-188433F03091}"
EndProject
Project("{FAE04EC0-301F-11D3-BF4B-00C04F79EFBC}") = "Commons", "Commons\Commons.csproj", "{14CC73F1-3F0F-4B8F-BA74-7A3D6CCA012D}"
EndProject
Project("{FAE04EC0-301F-11D3-BF4B-00C04F79EFBC}") = "Example APIs", "Example APIs\Example APIs.csproj", "{E41574CD-BFC4-4A72-913D-D9E11EC075AD}"
EndProject
Global
	GlobalSection(SolutionConfigurationPlatforms) = preSolution
		Debug|Any CPU = Debug|Any CPU
		Release|Any CPU = Release|Any CPU
	EndGlobalSection
	GlobalSection(ProjectConfigurationPlatforms) = postSolution
		{02C0663E-6E10-48AB-B1D1-973BC58F0CC9}.Debug|Any CPU.ActiveCfg = Debug|Any CPU
		{02C0663E-6E10-48AB-B1D1-973BC58F0CC9}.Debug|Any CPU.Build.0 = Debug|Any CPU
		{02C0663E-6E10-48AB-B1D1-973BC58F0CC9}.Release|Any CPU.ActiveCfg = Release|Any CPU
		{02C0663E-6E10-48AB-B1D1-973BC58F0CC9}.Release|Any CPU.Build.0 = Release|Any CPU
		{DFFFB8C2-414E-4FAD-B3B7-188433F03091}.Debug|Any CPU.ActiveCfg = Debug|Any CPU
		{DFFFB8C2-414E-4FAD-B3B7-188433F03091}.Debug|Any CPU.Build.0 = Debug|Any CPU
		{DFFFB8C2-414E-4FAD-B3B7-188433F03091}.Release|Any CPU.ActiveCfg = Release|Any CPU
		{DFFFB8C2-414E-4FAD-B3B7-188433F03091}.Release|Any CPU.Build.0 = Release|Any CPU
		{14CC73F1-3F0F-4B8F-BA74-7A3D6CCA012D}.Debug|Any CPU.ActiveCfg = Debug|Any CPU
		{14CC73F1-3F0F-4B8F-BA74-7A3D6CCA012D}.Debug|Any CPU.Build.0 = Debug|Any CPU
		{14CC73F1-3F0F-4B8F-BA74-7A3D6CCA012D}.Release|Any CPU.ActiveCfg = Release|Any CPU
		{14CC73F1-3F0F-4B8F-BA74-7A3D6CCA012D}.Release|Any CPU.Build.0 = Release|Any CPU
		{E41574CD-BFC4-4A72-913D-D9E11EC075AD}.Debug|Any CPU.ActiveCfg = Debug|Any CPU
		{E41574CD-BFC4-4A72-913D-D9E11EC075AD}.Debug|Any CPU.Build.0 = Debug|Any CPU
		{E41574CD-BFC4-4A72-913D-D9E11EC075AD}.Release|Any CPU.ActiveCfg = Release|Any CPU
		{E41574CD-BFC4-4A72-913D-D9E11EC075AD}.Release|Any CPU.Build.0 = Release|Any CPU
	EndGlobalSection
	GlobalSection(SolutionProperties) = preSolution
		HideSolutionNode = FALSE
	EndGlobalSection
EndGlobal
